
Microsoft Visual Studio Solution File, Format Version 12.00
# Visual Studio Version 17
VisualStudioVersion = 17.5.33516.290
MinimumVisualStudioVersion = 10.0.40219.1
Project("{FAE04EC0-301F-11D3-BF4B-00C04F79EFBC}") = "practicarMocks", "practicarMocks.csproj", "{9FB575DD-0A80-4378-921F-F0B07063C277}"
EndProject
Project("{FAE04EC0-301F-11D3-BF4B-00C04F79EFBC}") = "practicarMocksTest", "..\practicarMocksTest\practicarMocksTest.csproj", "{9C1D8A36-668E-4B77-B497-64BA6541DC50}"
EndProject
Global
	GlobalSection(SolutionConfigurationPlatforms) = preSolution
		Debug|Any CPU = Debug|Any CPU
		Release|Any CPU = Release|Any CPU
	EndGlobalSection
	GlobalSection(ProjectConfigurationPlatforms) = postSolution
		{9FB575DD-0A80-4378-921F-F0B07063C277}.Debug|Any CPU.ActiveCfg = Debug|Any CPU
		{9FB575DD-0A80-4378-921F-F0B07063C277}.Debug|Any CPU.Build.0 = Debug|Any CPU
		{9FB575DD-0A80-4378-921F-F0B07063C277}.Release|Any CPU.ActiveCfg = Release|Any CPU
		{9FB575DD-0A80-4378-921F-F0B07063C277}.Release|Any CPU.Build.0 = Release|Any CPU
		{9C1D8A36-668E-4B77-B497-64BA6541DC50}.Debug|Any CPU.ActiveCfg = Debug|Any CPU
		{9C1D8A36-668E-4B77-B497-64BA6541DC50}.Debug|Any CPU.Build.0 = Debug|Any CPU
		{9C1D8A36-668E-4B77-B497-64BA6541DC50}.Release|Any CPU.ActiveCfg = Release|Any CPU
		{9C1D8A36-668E-4B77-B497-64BA6541DC50}.Release|Any CPU.Build.0 = Release|Any CPU
	EndGlobalSection
	GlobalSection(SolutionProperties) = preSolution
		HideSolutionNode = FALSE
	EndGlobalSection
	GlobalSection(ExtensibilityGlobals) = postSolution
		SolutionGuid = {013D5143-74A8-4586-80C9-AD1C94EB1882}
	EndGlobalSection
EndGlobal
